
Microsoft Visual Studio Solution File, Format Version 12.00
# Visual Studio Version 17
VisualStudioVersion = 17.13.35913.81
MinimumVisualStudioVersion = 10.0.40219.1
Project("{FAE04EC0-301F-11D3-BF4B-00C04F79EFBC}") = "IceDream.Domain", "IceDream.Domain\IceDream.Domain.csproj", "{0C869F50-4B7A-4250-B4F4-01FF1B7B7405}"
EndProject
Project("{FAE04EC0-301F-11D3-BF4B-00C04F79EFBC}") = "IceDream.Application", "IceDream.Application\IceDream.Application.csproj", "{8EF7CD52-DC11-4DFC-90FE-95CC1AE6B2E3}"
EndProject
Project("{FAE04EC0-301F-11D3-BF4B-00C04F79EFBC}") = "IceDream.Data", "IceDream.Data\IceDream.Data.csproj", "{CBCB951A-739D-480F-9F75-F1B3D5EEBB6B}"
EndProject
Project("{FAE04EC0-301F-11D3-BF4B-00C04F79EFBC}") = "IceDream.WebAPI", "IceDream.WebAPI\IceDream.WebAPI.csproj", "{A625A12B-FFF0-4A39-BB7A-943DFDD121D3}"
EndProject
Project("{2150E333-8FDC-42A3-9474-1A3956D46DE8}") = "Tests", "Tests", "{02EA681E-C7D8-13C7-8484-4AC65E1B71E8}"
EndProject
Project("{FAE04EC0-301F-11D3-BF4B-00C04F79EFBC}") = "IceDream.Messaging", "IceDream.Messaging\IceDream.Messaging.csproj", "{626C7265-4023-4ACD-916E-A2E3B657152B}"
EndProject
Project("{FAE04EC0-301F-11D3-BF4B-00C04F79EFBC}") = "IceDream.Contracts", "IceDream.Contracts\IceDream.Contracts.csproj", "{FCFAE989-2346-4798-A5A8-7157DB055BA3}"
EndProject
Project("{FAE04EC0-301F-11D3-BF4B-00C04F79EFBC}") = "IceDream.Tests", "IceDream.Tests\IceDream.Tests.csproj", "{43942A11-B3B8-48B0-A5D8-6CD5465BA825}"
EndProject
Global
	GlobalSection(SolutionConfigurationPlatforms) = preSolution
		Debug|Any CPU = Debug|Any CPU
		Release|Any CPU = Release|Any CPU
	EndGlobalSection
	GlobalSection(ProjectConfigurationPlatforms) = postSolution
		{0C869F50-4B7A-4250-B4F4-01FF1B7B7405}.Debug|Any CPU.ActiveCfg = Debug|Any CPU
		{0C869F50-4B7A-4250-B4F4-01FF1B7B7405}.Debug|Any CPU.Build.0 = Debug|Any CPU
		{0C869F50-4B7A-4250-B4F4-01FF1B7B7405}.Release|Any CPU.ActiveCfg = Release|Any CPU
		{0C869F50-4B7A-4250-B4F4-01FF1B7B7405}.Release|Any CPU.Build.0 = Release|Any CPU
		{8EF7CD52-DC11-4DFC-90FE-95CC1AE6B2E3}.Debug|Any CPU.ActiveCfg = Debug|Any CPU
		{8EF7CD52-DC11-4DFC-90FE-95CC1AE6B2E3}.Debug|Any CPU.Build.0 = Debug|Any CPU
		{8EF7CD52-DC11-4DFC-90FE-95CC1AE6B2E3}.Release|Any CPU.ActiveCfg = Release|Any CPU
		{8EF7CD52-DC11-4DFC-90FE-95CC1AE6B2E3}.Release|Any CPU.Build.0 = Release|Any CPU
		{CBCB951A-739D-480F-9F75-F1B3D5EEBB6B}.Debug|Any CPU.ActiveCfg = Debug|Any CPU
		{CBCB951A-739D-480F-9F75-F1B3D5EEBB6B}.Debug|Any CPU.Build.0 = Debug|Any CPU
		{CBCB951A-739D-480F-9F75-F1B3D5EEBB6B}.Release|Any CPU.ActiveCfg = Release|Any CPU
		{CBCB951A-739D-480F-9F75-F1B3D5EEBB6B}.Release|Any CPU.Build.0 = Release|Any CPU
		{A625A12B-FFF0-4A39-BB7A-943DFDD121D3}.Debug|Any CPU.ActiveCfg = Debug|Any CPU
		{A625A12B-FFF0-4A39-BB7A-943DFDD121D3}.Debug|Any CPU.Build.0 = Debug|Any CPU
		{A625A12B-FFF0-4A39-BB7A-943DFDD121D3}.Release|Any CPU.ActiveCfg = Release|Any CPU
		{A625A12B-FFF0-4A39-BB7A-943DFDD121D3}.Release|Any CPU.Build.0 = Release|Any CPU
		{626C7265-4023-4ACD-916E-A2E3B657152B}.Debug|Any CPU.ActiveCfg = Debug|Any CPU
		{626C7265-4023-4ACD-916E-A2E3B657152B}.Debug|Any CPU.Build.0 = Debug|Any CPU
		{626C7265-4023-4ACD-916E-A2E3B657152B}.Release|Any CPU.ActiveCfg = Release|Any CPU
		{626C7265-4023-4ACD-916E-A2E3B657152B}.Release|Any CPU.Build.0 = Release|Any CPU
		{FCFAE989-2346-4798-A5A8-7157DB055BA3}.Debug|Any CPU.ActiveCfg = Debug|Any CPU
		{FCFAE989-2346-4798-A5A8-7157DB055BA3}.Debug|Any CPU.Build.0 = Debug|Any CPU
		{FCFAE989-2346-4798-A5A8-7157DB055BA3}.Release|Any CPU.ActiveCfg = Release|Any CPU
		{FCFAE989-2346-4798-A5A8-7157DB055BA3}.Release|Any CPU.Build.0 = Release|Any CPU
		{43942A11-B3B8-48B0-A5D8-6CD5465BA825}.Debug|Any CPU.ActiveCfg = Debug|Any CPU
		{43942A11-B3B8-48B0-A5D8-6CD5465BA825}.Debug|Any CPU.Build.0 = Debug|Any CPU
		{43942A11-B3B8-48B0-A5D8-6CD5465BA825}.Release|Any CPU.ActiveCfg = Release|Any CPU
		{43942A11-B3B8-48B0-A5D8-6CD5465BA825}.Release|Any CPU.Build.0 = Release|Any CPU
	EndGlobalSection
	GlobalSection(SolutionProperties) = preSolution
		HideSolutionNode = FALSE
	EndGlobalSection
	GlobalSection(NestedProjects) = preSolution
		{43942A11-B3B8-48B0-A5D8-6CD5465BA825} = {02EA681E-C7D8-13C7-8484-4AC65E1B71E8}
	EndGlobalSection
	GlobalSection(ExtensibilityGlobals) = postSolution
		SolutionGuid = {BD6345DD-D51A-4A26-A54F-43FDA1505996}
	EndGlobalSection
EndGlobal
